
Microsoft Visual Studio Solution File, Format Version 12.00
# Visual Studio 2013
VisualStudioVersion = 12.0.30110.0
MinimumVisualStudioVersion = 10.0.40219.1
Project("{FAE04EC0-301F-11D3-BF4B-00C04F79EFBC}") = "IssueTrackerApi", "IssueTrackerApi\IssueTrackerApi.csproj", "{81EE2A34-B37A-49D1-B3CC-DEF89C58AD3A}"
EndProject
Project("{FAE04EC0-301F-11D3-BF4B-00C04F79EFBC}") = "IssueTrackerApi.SelfHost", "IssueTrackerApi.SelfHost\IssueTrackerApi.SelfHost.csproj", "{5787DBC0-02A9-483A-99BD-22FCDD846E71}"
EndProject
Global
	GlobalSection(SolutionConfigurationPlatforms) = preSolution
		Debug|Any CPU = Debug|Any CPU
		Release|Any CPU = Release|Any CPU
	EndGlobalSection
	GlobalSection(ProjectConfigurationPlatforms) = postSolution
		{81EE2A34-B37A-49D1-B3CC-DEF89C58AD3A}.Debug|Any CPU.ActiveCfg = Debug|Any CPU
		{81EE2A34-B37A-49D1-B3CC-DEF89C58AD3A}.Debug|Any CPU.Build.0 = Debug|Any CPU
		{81EE2A34-B37A-49D1-B3CC-DEF89C58AD3A}.Release|Any CPU.ActiveCfg = Release|Any CPU
		{81EE2A34-B37A-49D1-B3CC-DEF89C58AD3A}.Release|Any CPU.Build.0 = Release|Any CPU
		{5787DBC0-02A9-483A-99BD-22FCDD846E71}.Debug|Any CPU.ActiveCfg = Debug|Any CPU
		{5787DBC0-02A9-483A-99BD-22FCDD846E71}.Debug|Any CPU.Build.0 = Debug|Any CPU
		{5787DBC0-02A9-483A-99BD-22FCDD846E71}.Release|Any CPU.ActiveCfg = Release|Any CPU
		{5787DBC0-02A9-483A-99BD-22FCDD846E71}.Release|Any CPU.Build.0 = Release|Any CPU
	EndGlobalSection
	GlobalSection(SolutionProperties) = preSolution
		HideSolutionNode = FALSE
	EndGlobalSection
EndGlobal
